
Microsoft Visual Studio Solution File, Format Version 12.00
# Visual Studio Version 17
VisualStudioVersion = 17.11.35303.130
MinimumVisualStudioVersion = 10.0.40219.1
Project("{9A19103F-16F7-4668-BE54-9A1E7A4F7556}") = "Kurszuteilung", "Kurszuteilung.csproj", "{0C3F3EE3-21FE-4376-BB70-8E3526B74724}"
EndProject
Project("{54435603-DBB4-11D2-8724-00A0C9A8B90C}") = "Setup1", "Setup1\Setup1.vdproj", "{68798410-93FE-4C67-9768-1A65D136E44D}"
EndProject
Global
	GlobalSection(SolutionConfigurationPlatforms) = preSolution
		Debug|Any CPU = Debug|Any CPU
		Release|Any CPU = Release|Any CPU
	EndGlobalSection
	GlobalSection(ProjectConfigurationPlatforms) = postSolution
		{0C3F3EE3-21FE-4376-BB70-8E3526B74724}.Debug|Any CPU.ActiveCfg = Debug|Any CPU
		{0C3F3EE3-21FE-4376-BB70-8E3526B74724}.Debug|Any CPU.Build.0 = Debug|Any CPU
		{0C3F3EE3-21FE-4376-BB70-8E3526B74724}.Release|Any CPU.ActiveCfg = Release|Any CPU
		{0C3F3EE3-21FE-4376-BB70-8E3526B74724}.Release|Any CPU.Build.0 = Release|Any CPU
		{68798410-93FE-4C67-9768-1A65D136E44D}.Debug|Any CPU.ActiveCfg = Debug
		{68798410-93FE-4C67-9768-1A65D136E44D}.Release|Any CPU.ActiveCfg = Release
	EndGlobalSection
	GlobalSection(SolutionProperties) = preSolution
		HideSolutionNode = FALSE
	EndGlobalSection
	GlobalSection(ExtensibilityGlobals) = postSolution
		SolutionGuid = {89DCC99C-F01F-4F1B-9AF2-C077C6B999B8}
	EndGlobalSection
EndGlobal
